schema: '2.0'
stages:
  data_ingestion:
    cmd: python src/ecg-analyzer/pipelines/pipeline-01-data_ingestion.py
    deps:
    - path: configs/config.yaml
      hash: md5
      md5: 77b459bd21f3eae22e0c1f613a9ae32b
      size: 234
    - path: data/raw/mitbih_test.csv
      hash: md5
      md5: 40a06a9d63289349aa2d9f8dfa41d3da
      size: 102892400
    - path: data/raw/mitbih_train.csv
      hash: md5
      md5: 7c3ef5146d05335606917778cc899b83
      size: 411503800
    - path: src/ecg-analyzer/components/data_ingestion.py
      hash: md5
      md5: 9d3eba0e0cc8784d573338101b9d5f67
      size: 1510
    - path: src/ecg-analyzer/config/config.py
      hash: md5
      md5: 99bc6402f59017180ee1acfb5042d329
      size: 1125
    - path: src/ecg-analyzer/entity/entity.py
      hash: md5
      md5: 7bbbb583d69abae5c5c3c2a5fea076ae
      size: 237
    - path: src/ecg-analyzer/pipelines/pipeline-01-data_ingestion.py
      hash: md5
      md5: d6e2f540880d71aa05ae8fe64ef0fd03
      size: 707
    outs:
    - path: artifacts/data_ingestion/raw
      hash: md5
      md5: cf9ce0260fb198dd4b346b9b71e93415.dir
      size: 514396200
      nfiles: 2
