schema: '2.0'
stages:
  data_ingestion:
    cmd: python src/ecg-analyzer/pipelines/pipeline-01-data_ingestion.py
    deps:
    - path: configs/config.yaml
      hash: md5
      md5: 31796522f097972c593e53c72db9001b
      size: 570
    - path: data/raw/mitbih_test.csv
      hash: md5
      md5: 40a06a9d63289349aa2d9f8dfa41d3da
      size: 102892400
    - path: data/raw/mitbih_train.csv
      hash: md5
      md5: 7c3ef5146d05335606917778cc899b83
      size: 411503800
    - path: src/ecg-analyzer/components/data_ingestion.py
      hash: md5
      md5: 9d3eba0e0cc8784d573338101b9d5f67
      size: 1510
    - path: src/ecg-analyzer/config/config.py
      hash: md5
      md5: fc430bc10749712cd6cdcbe74b73533b
      size: 2130
    - path: src/ecg-analyzer/entity/entity.py
      hash: md5
      md5: 0525a7f5de00a378a31afd1c2b68fdb2
      size: 517
    - path: src/ecg-analyzer/pipelines/pipeline-01-data_ingestion.py
      hash: md5
      md5: 55831f9bd2b6efba019f7899aabdb606
      size: 783
    outs:
    - path: artifacts/data_ingestion/raw
      hash: md5
      md5: cf9ce0260fb198dd4b346b9b71e93415.dir
      size: 514396200
      nfiles: 2
  data_validation:
    cmd: python src/ecg-analyzer/pipelines/pipeline-02-data_validation.py
    deps:
    - path: artifacts/data_ingestion/raw
      hash: md5
      md5: cf9ce0260fb198dd4b346b9b71e93415.dir
      size: 514396200
      nfiles: 2
    - path: configs/config.yaml
      hash: md5
      md5: 31796522f097972c593e53c72db9001b
      size: 570
    - path: src/ecg-analyzer/components/data_validation.py
      hash: md5
      md5: e1442b41afc8d4e654e94f0bc9ee0fe3
      size: 2723
    - path: src/ecg-analyzer/config/config.py
      hash: md5
      md5: fc430bc10749712cd6cdcbe74b73533b
      size: 2130
    - path: src/ecg-analyzer/entity/entity.py
      hash: md5
      md5: 0525a7f5de00a378a31afd1c2b68fdb2
      size: 517
    - path: src/ecg-analyzer/pipelines/pipeline-02-data_validation.py
      hash: md5
      md5: 005f4956458bd889cb952603245fbdfc
      size: 922
    outs:
    - path: artifacts/data_validation
      hash: md5
      md5: 1f2d956f0f7040e0f4e3d062f0786a5b.dir
      size: 23
      nfiles: 1
